Microsoft Visual Studio Solution File, Format Version 12.00
# Visual Studio Version 17
VisualStudioVersion = 17.5.2.0
MinimumVisualStudioVersion = 10.0.40219.1
Project("{FAE04EC0-301F-11D3-BF4B-00C04F79EFBC}") = "TaskFlow.Api", "TaskFlow.Api.csproj", "{3DC0D2D5-8A31-1836-A2D2-F9158070EB13}"
EndProject
Project("{FAE04EC0-301F-11D3-BF4B-00C04F79EFBC}") = "TaskFlow.Tests", "TaskFlow.Tests\TaskFlow.Tests.csproj", "{72A584E0-A028-C9CB-08B6-547BECE8EE18}"
EndProject
Global
	GlobalSection(SolutionConfigurationPlatforms) = preSolution
		Debug|Any CPU = Debug|Any CPU
		Release|Any CPU = Release|Any CPU
	EndGlobalSection
	GlobalSection(ProjectConfigurationPlatforms) = postSolution
		{3DC0D2D5-8A31-1836-A2D2-F9158070EB13}.Debug|Any CPU.ActiveCfg = Debug|Any CPU
		{3DC0D2D5-8A31-1836-A2D2-F9158070EB13}.Debug|Any CPU.Build.0 = Debug|Any CPU
		{3DC0D2D5-8A31-1836-A2D2-F9158070EB13}.Release|Any CPU.ActiveCfg = Release|Any CPU
		{3DC0D2D5-8A31-1836-A2D2-F9158070EB13}.Release|Any CPU.Build.0 = Release|Any CPU
		{72A584E0-A028-C9CB-08B6-547BECE8EE18}.Debug|Any CPU.ActiveCfg = Debug|Any CPU
		{72A584E0-A028-C9CB-08B6-547BECE8EE18}.Debug|Any CPU.Build.0 = Debug|Any CPU
		{72A584E0-A028-C9CB-08B6-547BECE8EE18}.Release|Any CPU.ActiveCfg = Release|Any CPU
		{72A584E0-A028-C9CB-08B6-547BECE8EE18}.Release|Any CPU.Build.0 = Release|Any CPU
	EndGlobalSection
	GlobalSection(SolutionProperties) = preSolution
		HideSolutionNode = FALSE
	EndGlobalSection
	GlobalSection(ExtensibilityGlobals) = postSolution
		SolutionGuid = {F0025642-3CC0-4C84-BA4B-77305B8B341D}
	EndGlobalSection
EndGlobal
